
Microsoft Visual Studio Solution File, Format Version 12.00
# Visual Studio Version 17
VisualStudioVersion = 17.4.33213.308
MinimumVisualStudioVersion = 10.0.40219.1
Project("{9A19103F-16F7-4668-BE54-9A1E7A4F7556}") = "OrderService.API", "Order.API\OrderService.API.csproj", "{417B3AAE-9226-4F47-8D5F-77A3160D0AD5}"
EndProject
Project("{FAE04EC0-301F-11D3-BF4B-00C04F79EFBC}") = "Payment.API", "Payment.API\Payment.API.csproj", "{3BAE6295-136D-4921-BD0A-57BDF85AF67D}"
EndProject
Project("{FAE04EC0-301F-11D3-BF4B-00C04F79EFBC}") = "Stock.API", "Stock.API\Stock.API.csproj", "{474305C5-FAD2-4F51-BEA7-169955AC761F}"
EndProject
Project("{FAE04EC0-301F-11D3-BF4B-00C04F79EFBC}") = "Shared", "Shared\Shared.csproj", "{C19D2DA1-B501-48D3-91DD-82F994A9DD83}"
EndProject
Global
	GlobalSection(SolutionConfigurationPlatforms) = preSolution
		Debug|Any CPU = Debug|Any CPU
		Release|Any CPU = Release|Any CPU
	EndGlobalSection
	GlobalSection(ProjectConfigurationPlatforms) = postSolution
		{417B3AAE-9226-4F47-8D5F-77A3160D0AD5}.Debug|Any CPU.ActiveCfg = Debug|Any CPU
		{417B3AAE-9226-4F47-8D5F-77A3160D0AD5}.Debug|Any CPU.Build.0 = Debug|Any CPU
		{417B3AAE-9226-4F47-8D5F-77A3160D0AD5}.Release|Any CPU.ActiveCfg = Release|Any CPU
		{417B3AAE-9226-4F47-8D5F-77A3160D0AD5}.Release|Any CPU.Build.0 = Release|Any CPU
		{3BAE6295-136D-4921-BD0A-57BDF85AF67D}.Debug|Any CPU.ActiveCfg = Debug|Any CPU
		{3BAE6295-136D-4921-BD0A-57BDF85AF67D}.Debug|Any CPU.Build.0 = Debug|Any CPU
		{3BAE6295-136D-4921-BD0A-57BDF85AF67D}.Release|Any CPU.ActiveCfg = Release|Any CPU
		{3BAE6295-136D-4921-BD0A-57BDF85AF67D}.Release|Any CPU.Build.0 = Release|Any CPU
		{474305C5-FAD2-4F51-BEA7-169955AC761F}.Debug|Any CPU.ActiveCfg = Debug|Any CPU
		{474305C5-FAD2-4F51-BEA7-169955AC761F}.Debug|Any CPU.Build.0 = Debug|Any CPU
		{474305C5-FAD2-4F51-BEA7-169955AC761F}.Release|Any CPU.ActiveCfg = Release|Any CPU
		{474305C5-FAD2-4F51-BEA7-169955AC761F}.Release|Any CPU.Build.0 = Release|Any CPU
		{C19D2DA1-B501-48D3-91DD-82F994A9DD83}.Debug|Any CPU.ActiveCfg = Debug|Any CPU
		{C19D2DA1-B501-48D3-91DD-82F994A9DD83}.Debug|Any CPU.Build.0 = Debug|Any CPU
		{C19D2DA1-B501-48D3-91DD-82F994A9DD83}.Release|Any CPU.ActiveCfg = Release|Any CPU
		{C19D2DA1-B501-48D3-91DD-82F994A9DD83}.Release|Any CPU.Build.0 = Release|Any CPU
	EndGlobalSection
	GlobalSection(SolutionProperties) = preSolution
		HideSolutionNode = FALSE
	EndGlobalSection
	GlobalSection(ExtensibilityGlobals) = postSolution
		SolutionGuid = {4755701B-BB19-4DA6-BA6B-1E5D5CE6B321}
	EndGlobalSection
EndGlobal
